
Microsoft Visual Studio Solution File, Format Version 11.00
# Visual Studio 2010
Project("{FAE04EC0-301F-11D3-BF4B-00C04F79EFBC}") = "Don't Be Drown", "Assembly-CSharp.csproj", "{1088CCB0-B0FA-3FEA-3424-512BD82059C9}"
EndProject
Project("{FAE04EC0-301F-11D3-BF4B-00C04F79EFBC}") = "Don't Be Drown", "Assembly-CSharp-Editor.csproj", "{73E6D018-F6AD-20D9-DCF5-65CBDF7EA056}"
EndProject
Global
	GlobalSection(SolutionConfigurationPlatforms) = preSolution
		Debug|Any CPU = Debug|Any CPU
		Release|Any CPU = Release|Any CPU
	EndGlobalSection
	GlobalSection(ProjectConfigurationPlatforms) = postSolution
		{1088CCB0-B0FA-3FEA-3424-512BD82059C9}.Debug|Any CPU.ActiveCfg = Debug|Any CPU
		{1088CCB0-B0FA-3FEA-3424-512BD82059C9}.Debug|Any CPU.Build.0 = Debug|Any CPU
		{1088CCB0-B0FA-3FEA-3424-512BD82059C9}.Release|Any CPU.ActiveCfg = Release|Any CPU
		{1088CCB0-B0FA-3FEA-3424-512BD82059C9}.Release|Any CPU.Build.0 = Release|Any CPU
		{73E6D018-F6AD-20D9-DCF5-65CBDF7EA056}.Debug|Any CPU.ActiveCfg = Debug|Any CPU
		{73E6D018-F6AD-20D9-DCF5-65CBDF7EA056}.Debug|Any CPU.Build.0 = Debug|Any CPU
		{73E6D018-F6AD-20D9-DCF5-65CBDF7EA056}.Release|Any CPU.ActiveCfg = Release|Any CPU
		{73E6D018-F6AD-20D9-DCF5-65CBDF7EA056}.Release|Any CPU.Build.0 = Release|Any CPU
	EndGlobalSection
	GlobalSection(SolutionProperties) = preSolution
		HideSolutionNode = FALSE
	EndGlobalSection
	GlobalSection(MonoDevelopProperties) = preSolution
		StartupItem = Assembly-CSharp.csproj
	EndGlobalSection
EndGlobal
